
Microsoft Visual Studio Solution File, Format Version 12.00
# Visual Studio 2013
VisualStudioVersion = 12.0.21005.1
MinimumVisualStudioVersion = 10.0.40219.1
Project("{FAE04EC0-301F-11D3-BF4B-00C04F79EFBC}") = "XShop", "XShop\XShop.csproj", "{508FFB5E-5C28-422C-811D-ACBFEEE79458}"
EndProject
Project("{FAE04EC0-301F-11D3-BF4B-00C04F79EFBC}") = "DataManager", "DataManager\DataManager.csproj", "{F5EA50D5-E514-4AB2-AE64-FC373FF58ED0}"
EndProject
Project("{FAE04EC0-301F-11D3-BF4B-00C04F79EFBC}") = "SessionManager", "SessionManager\SessionManager.csproj", "{8CD73052-5D24-4B17-B121-8E725E33FBC6}"
EndProject
Global
	GlobalSection(SolutionConfigurationPlatforms) = preSolution
		Debug|Any CPU = Debug|Any CPU
		Release|Any CPU = Release|Any CPU
	EndGlobalSection
	GlobalSection(ProjectConfigurationPlatforms) = postSolution
		{508FFB5E-5C28-422C-811D-ACBFEEE79458}.Debug|Any CPU.ActiveCfg = Debug|Any CPU
		{508FFB5E-5C28-422C-811D-ACBFEEE79458}.Debug|Any CPU.Build.0 = Debug|Any CPU
		{508FFB5E-5C28-422C-811D-ACBFEEE79458}.Release|Any CPU.ActiveCfg = Release|Any CPU
		{508FFB5E-5C28-422C-811D-ACBFEEE79458}.Release|Any CPU.Build.0 = Release|Any CPU
		{F5EA50D5-E514-4AB2-AE64-FC373FF58ED0}.Debug|Any CPU.ActiveCfg = Debug|Any CPU
		{F5EA50D5-E514-4AB2-AE64-FC373FF58ED0}.Debug|Any CPU.Build.0 = Debug|Any CPU
		{F5EA50D5-E514-4AB2-AE64-FC373FF58ED0}.Release|Any CPU.ActiveCfg = Release|Any CPU
		{F5EA50D5-E514-4AB2-AE64-FC373FF58ED0}.Release|Any CPU.Build.0 = Release|Any CPU
		{8CD73052-5D24-4B17-B121-8E725E33FBC6}.Debug|Any CPU.ActiveCfg = Debug|Any CPU
		{8CD73052-5D24-4B17-B121-8E725E33FBC6}.Debug|Any CPU.Build.0 = Debug|Any CPU
		{8CD73052-5D24-4B17-B121-8E725E33FBC6}.Release|Any CPU.ActiveCfg = Release|Any CPU
		{8CD73052-5D24-4B17-B121-8E725E33FBC6}.Release|Any CPU.Build.0 = Release|Any CPU
	EndGlobalSection
	GlobalSection(SolutionProperties) = preSolution
		HideSolutionNode = FALSE
	EndGlobalSection
EndGlobal
