
Microsoft Visual Studio Solution File, Format Version 12.00
# Visual Studio Version 16
VisualStudioVersion = 16.0.29728.190
MinimumVisualStudioVersion = 10.0.40219.1
Project("{FAE04EC0-301F-11D3-BF4B-00C04F79EFBC}") = "DataManager", "DataManager\DataManager.csproj", "{F5EA50D5-E514-4AB2-AE64-FC373FF58ED0}"
EndProject
Project("{FAE04EC0-301F-11D3-BF4B-00C04F79EFBC}") = "SessionManager", "SessionManager\SessionManager.csproj", "{8CD73052-5D24-4B17-B121-8E725E33FBC6}"
EndProject
Project("{FAE04EC0-301F-11D3-BF4B-00C04F79EFBC}") = "Entidades", "Entidades\Entidades.csproj", "{40E96F24-9FC7-43B4-8931-46165C60A282}"
EndProject
Project("{FAE04EC0-301F-11D3-BF4B-00C04F79EFBC}") = "XShop", "XShop\XShop.csproj", "{508FFB5E-5C28-422C-811D-ACBFEEE79458}"
EndProject
Project("{FAE04EC0-301F-11D3-BF4B-00C04F79EFBC}") = "CacheManager", "Cache\CacheManager.csproj", "{0F20CCB0-B54E-4355-8482-0320E30C3A95}"
EndProject
Global
	GlobalSection(SolutionConfigurationPlatforms) = preSolution
		Debug|Any CPU = Debug|Any CPU
		Release|Any CPU = Release|Any CPU
	EndGlobalSection
	GlobalSection(ProjectConfigurationPlatforms) = postSolution
		{F5EA50D5-E514-4AB2-AE64-FC373FF58ED0}.Debug|Any CPU.ActiveCfg = Debug|Any CPU
		{F5EA50D5-E514-4AB2-AE64-FC373FF58ED0}.Debug|Any CPU.Build.0 = Debug|Any CPU
		{F5EA50D5-E514-4AB2-AE64-FC373FF58ED0}.Release|Any CPU.ActiveCfg = Release|Any CPU
		{F5EA50D5-E514-4AB2-AE64-FC373FF58ED0}.Release|Any CPU.Build.0 = Release|Any CPU
		{8CD73052-5D24-4B17-B121-8E725E33FBC6}.Debug|Any CPU.ActiveCfg = Debug|Any CPU
		{8CD73052-5D24-4B17-B121-8E725E33FBC6}.Debug|Any CPU.Build.0 = Debug|Any CPU
		{8CD73052-5D24-4B17-B121-8E725E33FBC6}.Release|Any CPU.ActiveCfg = Release|Any CPU
		{8CD73052-5D24-4B17-B121-8E725E33FBC6}.Release|Any CPU.Build.0 = Release|Any CPU
		{40E96F24-9FC7-43B4-8931-46165C60A282}.Debug|Any CPU.ActiveCfg = Debug|Any CPU
		{40E96F24-9FC7-43B4-8931-46165C60A282}.Debug|Any CPU.Build.0 = Debug|Any CPU
		{40E96F24-9FC7-43B4-8931-46165C60A282}.Release|Any CPU.ActiveCfg = Release|Any CPU
		{40E96F24-9FC7-43B4-8931-46165C60A282}.Release|Any CPU.Build.0 = Release|Any CPU
		{508FFB5E-5C28-422C-811D-ACBFEEE79458}.Debug|Any CPU.ActiveCfg = Debug|Any CPU
		{508FFB5E-5C28-422C-811D-ACBFEEE79458}.Debug|Any CPU.Build.0 = Debug|Any CPU
		{508FFB5E-5C28-422C-811D-ACBFEEE79458}.Release|Any CPU.ActiveCfg = Release|Any CPU
		{508FFB5E-5C28-422C-811D-ACBFEEE79458}.Release|Any CPU.Build.0 = Release|Any CPU
		{0F20CCB0-B54E-4355-8482-0320E30C3A95}.Debug|Any CPU.ActiveCfg = Debug|Any CPU
		{0F20CCB0-B54E-4355-8482-0320E30C3A95}.Debug|Any CPU.Build.0 = Debug|Any CPU
		{0F20CCB0-B54E-4355-8482-0320E30C3A95}.Release|Any CPU.ActiveCfg = Release|Any CPU
		{0F20CCB0-B54E-4355-8482-0320E30C3A95}.Release|Any CPU.Build.0 = Release|Any CPU
	EndGlobalSection
	GlobalSection(SolutionProperties) = preSolution
		HideSolutionNode = FALSE
	EndGlobalSection
	GlobalSection(ExtensibilityGlobals) = postSolution
		SolutionGuid = {D57B82C5-10D7-47F4-8321-BC7EDD60C614}
	EndGlobalSection
EndGlobal
